
Microsoft Visual Studio Solution File, Format Version 12.00
# Visual Studio Version 17
VisualStudioVersion = 17.9.34616.47
MinimumVisualStudioVersion = 10.0.40219.1
Project("{FAE04EC0-301F-11D3-BF4B-00C04F79EFBC}") = "Lesson2.5", "Lesson2.5\Lesson2.5.csproj", "{A48AFC69-0296-4DB6-819F-6E2A2C8D0922}"
EndProject
Global
	GlobalSection(SolutionConfigurationPlatforms) = preSolution
		Debug|Any CPU = Debug|Any CPU
		Release|Any CPU = Release|Any CPU
	EndGlobalSection
	GlobalSection(ProjectConfigurationPlatforms) = postSolution
		{A48AFC69-0296-4DB6-819F-6E2A2C8D0922}.Debug|Any CPU.ActiveCfg = Debug|Any CPU
		{A48AFC69-0296-4DB6-819F-6E2A2C8D0922}.Debug|Any CPU.Build.0 = Debug|Any CPU
		{A48AFC69-0296-4DB6-819F-6E2A2C8D0922}.Release|Any CPU.ActiveCfg = Release|Any CPU
		{A48AFC69-0296-4DB6-819F-6E2A2C8D0922}.Release|Any CPU.Build.0 = Release|Any CPU
	EndGlobalSection
	GlobalSection(SolutionProperties) = preSolution
		HideSolutionNode = FALSE
	EndGlobalSection
	GlobalSection(ExtensibilityGlobals) = postSolution
		SolutionGuid = {904676AB-F358-4750-BD6E-0B3240254F31}
	EndGlobalSection
EndGlobal
